PODS:
  - Alamofire (5.9.0)
  - Static (4.0.0)

DEPENDENCIES:
  - Alamofire (~> 5.0)
  - Static (from `https://github.com/venmo/Static`, tag `v4.0.0`)

SPEC REPOS:
  trunk:
    - Alamofire

EXTERNAL SOURCES:
  Static:
    :git: https://github.com/venmo/Static
    :tag: v4.0.0

CHECKOUT OPTIONS:
  Static:
    :git: https://github.com/venmo/Static
    :tag: v4.0.0

SPEC CHECKSUMS:
  Alamofire: 02b772c9910e8eba1a079227c32fbd9e46c90a24
  Static: 3204aad2dc648cfe08dc7aa4a26d65ee37e4853a

PODFILE CHECKSUM: 4b74d0597959469ee954001e3536226231ca6150

COCOAPODS: 1.15.2
