// !$*UTF8*$!
{
	archiveVersion = 1;
	classes = {
	};
	objectVersion = 54;
	objects = {

/* Begin PBXBuildFile section */
		022B5728250BB8CF00595E19 /* Value1MultilineCell.swift in Sources */ = {isa = PBXBuildFile; fileRef = 022B5727250BB8CF00595E19 /* Value1MultilineCell.swift */; };
		02370F5D244C94D00056D896 /* CancelableViewController.swift in Sources */ = {isa = PBXBuildFile; fileRef = 02370F5C244C94D00056D896 /* CancelableViewController.swift */; };
		025BEC122A8EC7BA00955C73 /* UserDefaultsBacked.swift in Sources */ = {isa = PBXBuildFile; fileRef = 025BEC112A8EC7BA00955C73 /* UserDefaultsBacked.swift */; };
		025BEC152A8EC86400955C73 /* OfflinePaymentsLogDetailViewController.swift in Sources */ = {isa = PBXBuildFile; fileRef = 025BEC132A8EC86300955C73 /* OfflinePaymentsLogDetailViewController.swift */; };
		025BEC162A8EC86400955C73 /* OfflinePaymentsLogViewController.swift in Sources */ = {isa = PBXBuildFile; fileRef = 025BEC142A8EC86300955C73 /* OfflinePaymentsLogViewController.swift */; };
		025BEC182A8EC8CA00955C73 /* OfflineUIHandler.swift in Sources */ = {isa = PBXBuildFile; fileRef = 025BEC172A8EC8CA00955C73 /* OfflineUIHandler.swift */; };
		025BEC1A2A8EC94400955C73 /* LabelOverlayView.swift in Sources */ = {isa = PBXBuildFile; fileRef = 025BEC192A8EC94400955C73 /* LabelOverlayView.swift */; };
		028DC8572A9D28B40069E4BE /* Color.swift in Sources */ = {isa = PBXBuildFile; fileRef = 028DC8562A9D28B40069E4BE /* Color.swift */; };
		02DA8E3A24532E4900235921 /* DelegateAnnouncer.swift in Sources */ = {isa = PBXBuildFile; fileRef = 02DA8E3924532E4900235921 /* DelegateAnnouncer.swift */; };
		02EE99D72CC2B5450016B51D /* UIViewController+Presentation.swift in Sources */ = {isa = PBXBuildFile; fileRef = 02EE99D62CC2B5450016B51D /* UIViewController+Presentation.swift */; };
		199A008D245A2D7000E89BE9 /* TableViewController+StripeTerminal.swift in Sources */ = {isa = PBXBuildFile; fileRef = 199A008C245A2D6F00E89BE9 /* TableViewController+StripeTerminal.swift */; };
		1F65BFFF2AF44F4000043452 /* CollectInputsViewController.swift in Sources */ = {isa = PBXBuildFile; fileRef = 1F65BFFE2AF44F4000043452 /* CollectInputsViewController.swift */; };
		238C7D6A1D384D880D482A23 /* Pods_Example.framework in Frameworks */ = {isa = PBXBuildFile; fileRef = 1069B6CE94E2D1B8819CFC6D /* Pods_Example.framework */; };
		241B90F9249027DE0083C908 /* ReaderRegistrationViewController.swift in Sources */ = {isa = PBXBuildFile; fileRef = 241B90F8249027DE0083C908 /* ReaderRegistrationViewController.swift */; };
		2446E3EF25AF499B00FB4510 /* SetupIntentViewController.swift in Sources */ = {isa = PBXBuildFile; fileRef = 2446E3EE25AF499B00FB4510 /* SetupIntentViewController.swift */; };
		248EAA0724427FD500DDB433 /* RefundViewController.swift in Sources */ = {isa = PBXBuildFile; fileRef = 248EAA0624427FD500DDB433 /* RefundViewController.swift */; };
		24B7B00E23F1D40100F58FCA /* StartRefundViewController.swift in Sources */ = {isa = PBXBuildFile; fileRef = 24B7B00D23F1D40100F58FCA /* StartRefundViewController.swift */; };
		24FAAAFF2345067A00D47D40 /* ReaderConfiguration.swift in Sources */ = {isa = PBXBuildFile; fileRef = 24FAAAFE2345067A00D47D40 /* ReaderConfiguration.swift */; };
		259FDFDF2485AF0F0097686C /* EventDisplayingViewController.swift in Sources */ = {isa = PBXBuildFile; fileRef = 259FDFDE2485AF0F0097686C /* EventDisplayingViewController.swift */; };
		25CB2CF724941F8D0018535C /* StartSetReaderDisplayViewController.swift in Sources */ = {isa = PBXBuildFile; fileRef = 25CB2CF624941F8D0018535C /* StartSetReaderDisplayViewController.swift */; };
		2E4563E87B89E64B8BD7C592 /* DataRequest+StripeJSON.swift in Sources */ = {isa = PBXBuildFile; fileRef = 2E456576084719ED476A4DAB /* DataRequest+StripeJSON.swift */; };
		390B93752BED7B9100557850 /* StartCollectDataViewController.swift in Sources */ = {isa = PBXBuildFile; fileRef = 390B93742BED7B9100557850 /* StartCollectDataViewController.swift */; };
		390B93772BED7BCC00557850 /* StartCollectInputsViewController.swift in Sources */ = {isa = PBXBuildFile; fileRef = 390B93762BED7BCC00557850 /* StartCollectInputsViewController.swift */; };
		390B937B2BED7C1800557850 /* CollectDataViewController.swift in Sources */ = {isa = PBXBuildFile; fileRef = 390B937A2BED7C1800557850 /* CollectDataViewController.swift */; };
		3936853E28860BDE0026A906 /* CaptureMethod+String.swift in Sources */ = {isa = PBXBuildFile; fileRef = 3936853D28860BDE0026A906 /* CaptureMethod+String.swift */; };
		395970602A8D85830015F0F3 /* LocationStub.swift in Sources */ = {isa = PBXBuildFile; fileRef = 3959705F2A8D85830015F0F3 /* LocationStub.swift */; };
		50225C402B4DACB300757FC6 /* StartReaderSettingsViewController.swift in Sources */ = {isa = PBXBuildFile; fileRef = 50225C3F2B4DACB300757FC6 /* StartReaderSettingsViewController.swift */; };
		50225C5E2B508DFB00757FC6 /* Error+StripeTerminal.swift in Sources */ = {isa = PBXBuildFile; fileRef = 50225C5D2B508DFB00757FC6 /* Error+StripeTerminal.swift */; };
		6F8BE0922177B403009511E5 /* DiscoveryMethodViewController.swift in Sources */ = {isa = PBXBuildFile; fileRef = 6F8BE0912177B403009511E5 /* DiscoveryMethodViewController.swift */; };
		A40E7CF027F64191005879C7 /* Assets.xcassets in Resources */ = {isa = PBXBuildFile; fileRef = C16F40A72094F07C009CE87C /* Assets.xcassets */; };
		A63E8431260D073B006CB90C /* CreateLocationViewController.swift in Sources */ = {isa = PBXBuildFile; fileRef = A63E8430260D073B006CB90C /* CreateLocationViewController.swift */; };
		A63E8435260D0A0D006CB90C /* SelectLocationViewController.swift in Sources */ = {isa = PBXBuildFile; fileRef = A63E8434260D0A0D006CB90C /* SelectLocationViewController.swift */; };
		A63E8457260D23C9006CB90C /* StripeCountries.swift in Sources */ = {isa = PBXBuildFile; fileRef = A63E8456260D23C9006CB90C /* StripeCountries.swift */; };
		AA568CD12A9D413900B9605C /* StartSetupIntentViewController.swift in Sources */ = {isa = PBXBuildFile; fileRef = AA568CD02A9D413900B9605C /* StartSetupIntentViewController.swift */; };
		B3C24C6C23285BF6003271BD /* ifaddrs.swift in Sources */ = {isa = PBXBuildFile; fileRef = B3C24C6B23285BF6003271BD /* ifaddrs.swift */; };
		C151C7A621605B6200FC206F /* UpdateReaderViewController.swift in Sources */ = {isa = PBXBuildFile; fileRef = C151C7A521605B6200FC206F /* UpdateReaderViewController.swift */; };
		C152F77C214A18C00078BD07 /* StripeCurrencies.swift in Sources */ = {isa = PBXBuildFile; fileRef = C152F77B214A18C00078BD07 /* StripeCurrencies.swift */; };
		C16651B721963C51006EFACF /* APIClient.swift in Sources */ = {isa = PBXBuildFile; fileRef = C16651B621963C51006EFACF /* APIClient.swift */; };
		C16F40A12094F07B009CE87C /* AppDelegate.swift in Sources */ = {isa = PBXBuildFile; fileRef = C16F40A02094F07B009CE87C /* AppDelegate.swift */; };
		C16F40A62094F07B009CE87C /* Main.storyboard in Resources */ = {isa = PBXBuildFile; fileRef = C16F40A42094F07B009CE87C /* Main.storyboard */; };
		C16F40AB2094F07C009CE87C /* LaunchScreen.storyboard in Resources */ = {isa = PBXBuildFile; fileRef = C16F40A92094F07C009CE87C /* LaunchScreen.storyboard */; };
		C16F40BC2094F0A1009CE87C /* RootViewController.swift in Sources */ = {isa = PBXBuildFile; fileRef = C16F40B52094F0A1009CE87C /* RootViewController.swift */; };
		C1B4BCA421423D8600E2ECE6 /* ReaderHeaderView.swift in Sources */ = {isa = PBXBuildFile; fileRef = C1B4BCA321423D8600E2ECE6 /* ReaderHeaderView.swift */; };
		C1B4BCA82142515D00E2ECE6 /* StartPaymentViewController.swift in Sources */ = {isa = PBXBuildFile; fileRef = C1B4BCA72142515D00E2ECE6 /* StartPaymentViewController.swift */; };
		C1B4BCAA2142596400E2ECE6 /* PaymentViewController.swift in Sources */ = {isa = PBXBuildFile; fileRef = C1B4BCA92142596400E2ECE6 /* PaymentViewController.swift */; };
		C1D3A024214208800095A07B /* ReaderViewController.swift in Sources */ = {isa = PBXBuildFile; fileRef = C1D3A023214208800095A07B /* ReaderViewController.swift */; };
		C1D7649421001086000A4B94 /* ReaderDiscoveryViewController.swift in Sources */ = {isa = PBXBuildFile; fileRef = C1D7649321001086000A4B94 /* ReaderDiscoveryViewController.swift */; };
		C1DE30D521438E9900A3026F /* LogEventViewController.swift in Sources */ = {isa = PBXBuildFile; fileRef = C1DE30CF21438E9800A3026F /* LogEventViewController.swift */; };
		C1DE30D721438E9900A3026F /* UIViewController+UIAlertController.swift in Sources */ = {isa = PBXBuildFile; fileRef = C1DE30D121438E9800A3026F /* UIViewController+UIAlertController.swift */; };
		C1DE30D821438E9900A3026F /* UIView+Layout.swift in Sources */ = {isa = PBXBuildFile; fileRef = C1DE30D221438E9800A3026F /* UIView+Layout.swift */; };
		C1F78BDB2144F0830094BE37 /* CustomViews.swift in Sources */ = {isa = PBXBuildFile; fileRef = C1F78BDA2144F0830094BE37 /* CustomViews.swift */; };
		ECF98A142E0F0DAA003807FA /* StartPrintContentViewController.swift in Sources */ = {isa = PBXBuildFile; fileRef = ECF98A132E0F0DAA003807FA /* StartPrintContentViewController.swift */; };
		ECF98A162E0F0DF7003807FA /* PrintContentViewController.swift in Sources */ = {isa = PBXBuildFile; fileRef = ECF98A152E0F0DF7003807FA /* PrintContentViewController.swift */; };
/* End PBXBuildFile section */

/* Begin PBXCopyFilesBuildPhase section */
		02A6BF5524CB1C3D0054ADFF /* CopyFiles */ = {
			isa = PBXCopyFilesBuildPhase;
			buildActionMask = 2147483647;
			dstPath = "";
			dstSubfolderSpec = 10;
			files = (
			);
			runOnlyForDeploymentPostprocessing = 0;
		};
/* End PBXCopyFilesBuildPhase section */

/* Begin PBXFileReference section */
		022B5727250BB8CF00595E19 /* Value1MultilineCell.swift */ = {isa = PBXFileReference; lastKnownFileType = sourcecode.swift; path = Value1MultilineCell.swift; sourceTree = "<group>"; };
		02370F5C244C94D00056D896 /* CancelableViewController.swift */ = {isa = PBXFileReference; lastKnownFileType = sourcecode.swift; path = CancelableViewController.swift; sourceTree = "<group>"; };
		025BEC112A8EC7BA00955C73 /* UserDefaultsBacked.swift */ = {isa = PBXFileReference; fileEncoding = 4; lastKnownFileType = sourcecode.swift; path = UserDefaultsBacked.swift; sourceTree = "<group>"; };
		025BEC132A8EC86300955C73 /* OfflinePaymentsLogDetailViewController.swift */ = {isa = PBXFileReference; fileEncoding = 4; lastKnownFileType = sourcecode.swift; path = OfflinePaymentsLogDetailViewController.swift; sourceTree = "<group>"; };
		025BEC142A8EC86300955C73 /* OfflinePaymentsLogViewController.swift */ = {isa = PBXFileReference; fileEncoding = 4; lastKnownFileType = sourcecode.swift; path = OfflinePaymentsLogViewController.swift; sourceTree = "<group>"; };
		025BEC172A8EC8CA00955C73 /* OfflineUIHandler.swift */ = {isa = PBXFileReference; fileEncoding = 4; lastKnownFileType = sourcecode.swift; path = OfflineUIHandler.swift; sourceTree = "<group>"; };
		025BEC192A8EC94400955C73 /* LabelOverlayView.swift */ = {isa = PBXFileReference; lastKnownFileType = sourcecode.swift; path = LabelOverlayView.swift; sourceTree = "<group>"; };
		028DC8562A9D28B40069E4BE /* Color.swift */ = {isa = PBXFileReference; fileEncoding = 4; lastKnownFileType = sourcecode.swift; path = Color.swift; sourceTree = "<group>"; };
		02DA8E3924532E4900235921 /* DelegateAnnouncer.swift */ = {isa = PBXFileReference; lastKnownFileType = sourcecode.swift; path = DelegateAnnouncer.swift; sourceTree = "<group>"; };
		02EE99D62CC2B5450016B51D /* UIViewController+Presentation.swift */ = {isa = PBXFileReference; lastKnownFileType = sourcecode.swift; path = "UIViewController+Presentation.swift"; sourceTree = "<group>"; };
		1069B6CE94E2D1B8819CFC6D /* Pods_Example.framework */ = {isa = PBXFileReference; explicitFileType = wrapper.framework; includeInIndex = 0; path = Pods_Example.framework; sourceTree = BUILT_PRODUCTS_DIR; };
		163D3D8A6BFB310E278D30CE /* Pods-Example.debug.xcconfig */ = {isa = PBXFileReference; includeInIndex = 1; lastKnownFileType = text.xcconfig; name = "Pods-Example.debug.xcconfig"; path = "Target Support Files/Pods-Example/Pods-Example.debug.xcconfig"; sourceTree = "<group>"; };
		199A008C245A2D6F00E89BE9 /* TableViewController+StripeTerminal.swift */ = {isa = PBXFileReference; lastKnownFileType = sourcecode.swift; path = "TableViewController+StripeTerminal.swift"; sourceTree = "<group>"; };
		1F65BFFE2AF44F4000043452 /* CollectInputsViewController.swift */ = {isa = PBXFileReference; lastKnownFileType = sourcecode.swift; path = CollectInputsViewController.swift; sourceTree = "<group>"; };
		241B90F8249027DE0083C908 /* ReaderRegistrationViewController.swift */ = {isa = PBXFileReference; lastKnownFileType = sourcecode.swift; path = ReaderRegistrationViewController.swift; sourceTree = "<group>"; };
		2446E3EE25AF499B00FB4510 /* SetupIntentViewController.swift */ = {isa = PBXFileReference; lastKnownFileType = sourcecode.swift; path = SetupIntentViewController.swift; sourceTree = "<group>"; };
		248EAA0624427FD500DDB433 /* RefundViewController.swift */ = {isa = PBXFileReference; lastKnownFileType = sourcecode.swift; path = RefundViewController.swift; sourceTree = "<group>"; };
		24B7B00D23F1D40100F58FCA /* StartRefundViewController.swift */ = {isa = PBXFileReference; fileEncoding = 4; lastKnownFileType = sourcecode.swift; path = StartRefundViewController.swift; sourceTree = "<group>"; };
		24FAAAFE2345067A00D47D40 /* ReaderConfiguration.swift */ = {isa = PBXFileReference; fileEncoding = 4; lastKnownFileType = sourcecode.swift; path = ReaderConfiguration.swift; sourceTree = "<group>"; };
		259FDFDE2485AF0F0097686C /* EventDisplayingViewController.swift */ = {isa = PBXFileReference; lastKnownFileType = sourcecode.swift; path = EventDisplayingViewController.swift; sourceTree = "<group>"; };
		25CB2CF624941F8D0018535C /* StartSetReaderDisplayViewController.swift */ = {isa = PBXFileReference; lastKnownFileType = sourcecode.swift; path = StartSetReaderDisplayViewController.swift; sourceTree = "<group>"; };
		2E456576084719ED476A4DAB /* DataRequest+StripeJSON.swift */ = {isa = PBXFileReference; fileEncoding = 4; lastKnownFileType = sourcecode.swift; path = "DataRequest+StripeJSON.swift"; sourceTree = "<group>"; };
		390B93742BED7B9100557850 /* StartCollectDataViewController.swift */ = {isa = PBXFileReference; fileEncoding = 4; lastKnownFileType = sourcecode.swift; path = StartCollectDataViewController.swift; sourceTree = "<group>"; };
		390B93762BED7BCC00557850 /* StartCollectInputsViewController.swift */ = {isa = PBXFileReference; fileEncoding = 4; lastKnownFileType = sourcecode.swift; path = StartCollectInputsViewController.swift; sourceTree = "<group>"; };
		390B937A2BED7C1800557850 /* CollectDataViewController.swift */ = {isa = PBXFileReference; lastKnownFileType = sourcecode.swift; path = CollectDataViewController.swift; sourceTree = "<group>"; };
		3936853D28860BDE0026A906 /* CaptureMethod+String.swift */ = {isa = PBXFileReference; fileEncoding = 4; lastKnownFileType = sourcecode.swift; path = "CaptureMethod+String.swift"; sourceTree = "<group>"; };
		3959705F2A8D85830015F0F3 /* LocationStub.swift */ = {isa = PBXFileReference; fileEncoding = 4; lastKnownFileType = sourcecode.swift; path = LocationStub.swift; sourceTree = "<group>"; };
		50225C3F2B4DACB300757FC6 /* StartReaderSettingsViewController.swift */ = {isa = PBXFileReference; fileEncoding = 4; lastKnownFileType = sourcecode.swift; path = StartReaderSettingsViewController.swift; sourceTree = "<group>"; };
		50225C5D2B508DFB00757FC6 /* Error+StripeTerminal.swift */ = {isa = PBXFileReference; lastKnownFileType = sourcecode.swift; path = "Error+StripeTerminal.swift"; sourceTree = "<group>"; };
		6F8BE0912177B403009511E5 /* DiscoveryMethodViewController.swift */ = {isa = PBXFileReference; lastKnownFileType = sourcecode.swift; path = DiscoveryMethodViewController.swift; sourceTree = "<group>"; };
		A63E8430260D073B006CB90C /* CreateLocationViewController.swift */ = {isa = PBXFileReference; lastKnownFileType = sourcecode.swift; path = CreateLocationViewController.swift; sourceTree = "<group>"; };
		A63E8434260D0A0D006CB90C /* SelectLocationViewController.swift */ = {isa = PBXFileReference; fileEncoding = 4; lastKnownFileType = sourcecode.swift; path = SelectLocationViewController.swift; sourceTree = "<group>"; };
		A63E8456260D23C9006CB90C /* StripeCountries.swift */ = {isa = PBXFileReference; lastKnownFileType = sourcecode.swift; path = StripeCountries.swift; sourceTree = "<group>"; };
		AA568CD02A9D413900B9605C /* StartSetupIntentViewController.swift */ = {isa = PBXFileReference; fileEncoding = 4; lastKnownFileType = sourcecode.swift; path = StartSetupIntentViewController.swift; sourceTree = "<group>"; };
		B3C24C6B23285BF6003271BD /* ifaddrs.swift */ = {isa = PBXFileReference; lastKnownFileType = sourcecode.swift; path = ifaddrs.swift; sourceTree = "<group>"; };
		B3C53B8B23286DA9003A707B /* Example-Bridging-Header.h */ = {isa = PBXFileReference; fileEncoding = 4; lastKnownFileType = sourcecode.c.h; path = "Example-Bridging-Header.h"; sourceTree = "<group>"; };
		B891D666F7952A0B05CBDBB2 /* Pods-Example.release.xcconfig */ = {isa = PBXFileReference; includeInIndex = 1; lastKnownFileType = text.xcconfig; name = "Pods-Example.release.xcconfig"; path = "Target Support Files/Pods-Example/Pods-Example.release.xcconfig"; sourceTree = "<group>"; };
		C151C7A521605B6200FC206F /* UpdateReaderViewController.swift */ = {isa = PBXFileReference; lastKnownFileType = sourcecode.swift; path = UpdateReaderViewController.swift; sourceTree = "<group>"; };
		C152F77B214A18C00078BD07 /* StripeCurrencies.swift */ = {isa = PBXFileReference; lastKnownFileType = sourcecode.swift; path = StripeCurrencies.swift; sourceTree = "<group>"; };
		C16651B621963C51006EFACF /* APIClient.swift */ = {isa = PBXFileReference; fileEncoding = 4; lastKnownFileType = sourcecode.swift; path = APIClient.swift; sourceTree = "<group>"; };
		C16F409D2094F07B009CE87C /* Example.app */ = {isa = PBXFileReference; explicitFileType = wrapper.application; includeInIndex = 0; path = Example.app; sourceTree = BUILT_PRODUCTS_DIR; };
		C16F40A02094F07B009CE87C /* AppDelegate.swift */ = {isa = PBXFileReference; lastKnownFileType = sourcecode.swift; path = AppDelegate.swift; sourceTree = "<group>"; };
		C16F40A52094F07B009CE87C /* Base */ = {isa = PBXFileReference; lastKnownFileType = file.storyboard; name = Base; path = Base.lproj/Main.storyboard; sourceTree = "<group>"; };
		C16F40A72094F07C009CE87C /* Assets.xcassets */ = {isa = PBXFileReference; lastKnownFileType = folder.assetcatalog; path = Assets.xcassets; sourceTree = "<group>"; };
		C16F40AA2094F07C009CE87C /* Base */ = {isa = PBXFileReference; lastKnownFileType = file.storyboard; name = Base; path = Base.lproj/LaunchScreen.storyboard; sourceTree = "<group>"; };
		C16F40AC2094F07C009CE87C /* Info.plist */ = {isa = PBXFileReference; lastKnownFileType = text.plist.xml; path = Info.plist; sourceTree = "<group>"; };
		C16F40B52094F0A1009CE87C /* RootViewController.swift */ = {isa = PBXFileReference; fileEncoding = 4; lastKnownFileType = sourcecode.swift; path = RootViewController.swift; sourceTree = "<group>"; };
		C1B4BCA321423D8600E2ECE6 /* ReaderHeaderView.swift */ = {isa = PBXFileReference; lastKnownFileType = sourcecode.swift; path = ReaderHeaderView.swift; sourceTree = "<group>"; };
		C1B4BCA72142515D00E2ECE6 /* StartPaymentViewController.swift */ = {isa = PBXFileReference; lastKnownFileType = sourcecode.swift; path = StartPaymentViewController.swift; sourceTree = "<group>"; };
		C1B4BCA92142596400E2ECE6 /* PaymentViewController.swift */ = {isa = PBXFileReference; lastKnownFileType = sourcecode.swift; path = PaymentViewController.swift; sourceTree = "<group>"; };
		C1D3A023214208800095A07B /* ReaderViewController.swift */ = {isa = PBXFileReference; lastKnownFileType = sourcecode.swift; path = ReaderViewController.swift; sourceTree = "<group>"; };
		C1D7649321001086000A4B94 /* ReaderDiscoveryViewController.swift */ = {isa = PBXFileReference; fileEncoding = 4; lastKnownFileType = sourcecode.swift; path = ReaderDiscoveryViewController.swift; sourceTree = "<group>"; };
		C1DE30CF21438E9800A3026F /* LogEventViewController.swift */ = {isa = PBXFileReference; fileEncoding = 4; lastKnownFileType = sourcecode.swift; path = LogEventViewController.swift; sourceTree = "<group>"; };
		C1DE30D121438E9800A3026F /* UIViewController+UIAlertController.swift */ = {isa = PBXFileReference; fileEncoding = 4; lastKnownFileType = sourcecode.swift; path = "UIViewController+UIAlertController.swift"; sourceTree = "<group>"; };
		C1DE30D221438E9800A3026F /* UIView+Layout.swift */ = {isa = PBXFileReference; fileEncoding = 4; lastKnownFileType = sourcecode.swift; path = "UIView+Layout.swift"; sourceTree = "<group>"; };
		C1F78BDA2144F0830094BE37 /* CustomViews.swift */ = {isa = PBXFileReference; lastKnownFileType = sourcecode.swift; path = CustomViews.swift; sourceTree = "<group>"; };
		ECF98A132E0F0DAA003807FA /* StartPrintContentViewController.swift */ = {isa = PBXFileReference; lastKnownFileType = sourcecode.swift; path = StartPrintContentViewController.swift; sourceTree = "<group>"; };
		ECF98A152E0F0DF7003807FA /* PrintContentViewController.swift */ = {isa = PBXFileReference; lastKnownFileType = sourcecode.swift; path = PrintContentViewController.swift; sourceTree = "<group>"; };
/* End PBXFileReference section */

/* Begin PBXFrameworksBuildPhase section */
		0DE2ACED4D7F3843500B5F14 /* Frameworks */ = {
			isa = PBXFrameworksBuildPhase;
			buildActionMask = 2147483647;
			files = (
				238C7D6A1D384D880D482A23 /* Pods_Example.framework in Frameworks */,
			);
			runOnlyForDeploymentPostprocessing = 0;
		};
/* End PBXFrameworksBuildPhase section */

/* Begin PBXGroup section */
		0A571C6D1C36048217E2B096 /* Pods */ = {
			isa = PBXGroup;
			children = (
				163D3D8A6BFB310E278D30CE /* Pods-Example.debug.xcconfig */,
				B891D666F7952A0B05CBDBB2 /* Pods-Example.release.xcconfig */,
			);
			name = Pods;
			path = Pods;
			sourceTree = "<group>";
		};
		C16F40942094F07B009CE87C = {
			isa = PBXGroup;
			children = (
				C16F409F2094F07B009CE87C /* Example */,
				C16F409E2094F07B009CE87C /* Products */,
				0A571C6D1C36048217E2B096 /* Pods */,
				C9EEAFC0F59A4FF6426C1C5C /* Frameworks */,
			);
			sourceTree = "<group>";
		};
		C16F409E2094F07B009CE87C /* Products */ = {
			isa = PBXGroup;
			children = (
				C16F409D2094F07B009CE87C /* Example.app */,
			);
			name = Products;
			sourceTree = "<group>";
		};
		C16F409F2094F07B009CE87C /* Example */ = {
			isa = PBXGroup;
			children = (
				C16651B621963C51006EFACF /* APIClient.swift */,
				C16F40A02094F07B009CE87C /* AppDelegate.swift */,
				C16F40A72094F07C009CE87C /* Assets.xcassets */,
				02370F5C244C94D00056D896 /* CancelableViewController.swift */,
				3936853D28860BDE0026A906 /* CaptureMethod+String.swift */,
				390B937A2BED7C1800557850 /* CollectDataViewController.swift */,
				1F65BFFE2AF44F4000043452 /* CollectInputsViewController.swift */,
				028DC8562A9D28B40069E4BE /* Color.swift */,
				A63E8430260D073B006CB90C /* CreateLocationViewController.swift */,
				C1F78BDA2144F0830094BE37 /* CustomViews.swift */,
				2E456576084719ED476A4DAB /* DataRequest+StripeJSON.swift */,
				02DA8E3924532E4900235921 /* DelegateAnnouncer.swift */,
				6F8BE0912177B403009511E5 /* DiscoveryMethodViewController.swift */,
				50225C5D2B508DFB00757FC6 /* Error+StripeTerminal.swift */,
				259FDFDE2485AF0F0097686C /* EventDisplayingViewController.swift */,
				B3C53B8B23286DA9003A707B /* Example-Bridging-Header.h */,
				B3C24C6B23285BF6003271BD /* ifaddrs.swift */,
				C16F40AC2094F07C009CE87C /* Info.plist */,
				025BEC192A8EC94400955C73 /* LabelOverlayView.swift */,
				C16F40A92094F07C009CE87C /* LaunchScreen.storyboard */,
				3959705F2A8D85830015F0F3 /* LocationStub.swift */,
				C1DE30CF21438E9800A3026F /* LogEventViewController.swift */,
				C16F40A42094F07B009CE87C /* Main.storyboard */,
				025BEC132A8EC86300955C73 /* OfflinePaymentsLogDetailViewController.swift */,
				025BEC142A8EC86300955C73 /* OfflinePaymentsLogViewController.swift */,
				025BEC172A8EC8CA00955C73 /* OfflineUIHandler.swift */,
				C1B4BCA92142596400E2ECE6 /* PaymentViewController.swift */,
				ECF98A152E0F0DF7003807FA /* PrintContentViewController.swift */,
				24FAAAFE2345067A00D47D40 /* ReaderConfiguration.swift */,
				C1D7649321001086000A4B94 /* ReaderDiscoveryViewController.swift */,
				C1B4BCA321423D8600E2ECE6 /* ReaderHeaderView.swift */,
				241B90F8249027DE0083C908 /* ReaderRegistrationViewController.swift */,
				C1D3A023214208800095A07B /* ReaderViewController.swift */,
				248EAA0624427FD500DDB433 /* RefundViewController.swift */,
				C16F40B52094F0A1009CE87C /* RootViewController.swift */,
				A63E8434260D0A0D006CB90C /* SelectLocationViewController.swift */,
				2446E3EE25AF499B00FB4510 /* SetupIntentViewController.swift */,
				390B93742BED7B9100557850 /* StartCollectDataViewController.swift */,
				390B93762BED7BCC00557850 /* StartCollectInputsViewController.swift */,
				C1B4BCA72142515D00E2ECE6 /* StartPaymentViewController.swift */,
				ECF98A132E0F0DAA003807FA /* StartPrintContentViewController.swift */,
				50225C3F2B4DACB300757FC6 /* StartReaderSettingsViewController.swift */,
				24B7B00D23F1D40100F58FCA /* StartRefundViewController.swift */,
				25CB2CF624941F8D0018535C /* StartSetReaderDisplayViewController.swift */,
				AA568CD02A9D413900B9605C /* StartSetupIntentViewController.swift */,
				A63E8456260D23C9006CB90C /* StripeCountries.swift */,
				C152F77B214A18C00078BD07 /* StripeCurrencies.swift */,
				199A008C245A2D6F00E89BE9 /* TableViewController+StripeTerminal.swift */,
				C1DE30D221438E9800A3026F /* UIView+Layout.swift */,
				02EE99D62CC2B5450016B51D /* UIViewController+Presentation.swift */,
				C1DE30D121438E9800A3026F /* UIViewController+UIAlertController.swift */,
				C151C7A521605B6200FC206F /* UpdateReaderViewController.swift */,
				025BEC112A8EC7BA00955C73 /* UserDefaultsBacked.swift */,
				022B5727250BB8CF00595E19 /* Value1MultilineCell.swift */,
			);
			path = Example;
			sourceTree = "<group>";
		};
		C9EEAFC0F59A4FF6426C1C5C /* Frameworks */ = {
			isa = PBXGroup;
			children = (
				1069B6CE94E2D1B8819CFC6D /* Pods_Example.framework */,
			);
			name = Frameworks;
			sourceTree = "<group>";
		};
/* End PBXGroup section */

/* Begin PBXNativeTarget section */
		C16F409C2094F07B009CE87C /* Example */ = {
			isa = PBXNativeTarget;
			buildConfigurationList = C16F40AF2094F07C009CE87C /* Build configuration list for PBXNativeTarget "Example" */;
			buildPhases = (
				377E3250321EF3FEAE20A6D6 /* [CP] Check Pods Manifest.lock */,
				C16F40992094F07B009CE87C /* Sources */,
				C16F409B2094F07B009CE87C /* Resources */,
				0DE2ACED4D7F3843500B5F14 /* Frameworks */,
				02A6BF5524CB1C3D0054ADFF /* CopyFiles */,
				452ABFA9769111D235B9DBEC /* [CP] Embed Pods Frameworks */,
			);
			buildRules = (
			);
			dependencies = (
			);
			name = Example;
			packageProductDependencies = (
				3C1E90CD21B5FF69D67156C2 /* StripeTerminal */,
			);
			productName = Example;
			productReference = C16F409D2094F07B009CE87C /* Example.app */;
			productType = "com.apple.product-type.application";
		};
/* End PBXNativeTarget section */

/* Begin PBXProject section */
		C16F40952094F07B009CE87C /* Project object */ = {
			isa = PBXProject;
			attributes = {
				BuildIndependentTargetsInParallel = YES;
				LastSwiftUpdateCheck = 0930;
				LastUpgradeCheck = 1430;
				ORGANIZATIONNAME = Stripe;
				TargetAttributes = {
					C16F409C2094F07B009CE87C = {
						CreatedOnToolsVersion = 9.3;
						LastSwiftMigration = 1020;
						ProvisioningStyle = Automatic;
					};
				};
			};
			buildConfigurationList = C16F40982094F07B009CE87C /* Build configuration list for PBXProject "Example" */;
			compatibilityVersion = "Xcode 8.0";
			developmentRegion = en;
			hasScannedForEncodings = 0;
			knownRegions = (
				en,
				Base,
			);
			mainGroup = C16F40942094F07B009CE87C;
			packageReferences = (
				4B90283D7DB6361CA175A401 /* XCLocalSwiftPackageReference ".." */,
			);
			productRefGroup = C16F409E2094F07B009CE87C /* Products */;
			projectDirPath = "";
			projectRoot = "";
			targets = (
				C16F409C2094F07B009CE87C /* Example */,
			);
		};
/* End PBXProject section */

/* Begin PBXResourcesBuildPhase section */
		C16F409B2094F07B009CE87C /* Resources */ = {
			isa = PBXResourcesBuildPhase;
			buildActionMask = 2147483647;
			files = (
				C16F40AB2094F07C009CE87C /* LaunchScreen.storyboard in Resources */,
				A40E7CF027F64191005879C7 /* Assets.xcassets in Resources */,
				C16F40A62094F07B009CE87C /* Main.storyboard in Resources */,
			);
			runOnlyForDeploymentPostprocessing = 0;
		};
/* End PBXResourcesBuildPhase section */

/* Begin PBXShellScriptBuildPhase section */
		377E3250321EF3FEAE20A6D6 /* [CP] Check Pods Manifest.lock */ = {
			isa = PBXShellScriptBuildPhase;
			buildActionMask = 2147483647;
			files = (
			);
			inputFileListPaths = (
			);
			inputPaths = (
				"${PODS_PODFILE_DIR_PATH}/Podfile.lock",
				"${PODS_ROOT}/Manifest.lock",
			);
			name = "[CP] Check Pods Manifest.lock";
			outputFileListPaths = (
			);
			outputPaths = (
				"$(DERIVED_FILE_DIR)/Pods-Example-checkManifestLockResult.txt",
			);
			runOnlyForDeploymentPostprocessing = 0;
			shellPath = /bin/sh;
			shellScript = "diff \"${PODS_PODFILE_DIR_PATH}/Podfile.lock\" \"${PODS_ROOT}/Manifest.lock\" > /dev/null\nif [ $? != 0 ] ; then\n    # print error to STDERR\n    echo \"error: The sandbox is not in sync with the Podfile.lock. Run 'pod install' or update your CocoaPods installation.\" >&2\n    exit 1\nfi\n# This output is used by Xcode 'outputs' to avoid re-running this script phase.\necho \"SUCCESS\" > \"${SCRIPT_OUTPUT_FILE_0}\"\n";
			showEnvVarsInLog = 0;
		};
		452ABFA9769111D235B9DBEC /* [CP] Embed Pods Frameworks */ = {
			isa = PBXShellScriptBuildPhase;
			buildActionMask = 2147483647;
			files = (
			);
			inputPaths = (
				"${PODS_ROOT}/Target Support Files/Pods-Example/Pods-Example-frameworks.sh",
				"${BUILT_PRODUCTS_DIR}/Alamofire/Alamofire.framework",
				"${BUILT_PRODUCTS_DIR}/Static/Static.framework",
			);
			name = "[CP] Embed Pods Frameworks";
			outputPaths = (
				"${TARGET_BUILD_DIR}/${FRAMEWORKS_FOLDER_PATH}/Alamofire.framework",
				"${TARGET_BUILD_DIR}/${FRAMEWORKS_FOLDER_PATH}/Static.framework",
			);
			runOnlyForDeploymentPostprocessing = 0;
			shellPath = /bin/sh;
			shellScript = "\"${PODS_ROOT}/Target Support Files/Pods-Example/Pods-Example-frameworks.sh\"\n";
			showEnvVarsInLog = 0;
		};
/* End PBXShellScriptBuildPhase section */

/* Begin PBXSourcesBuildPhase section */
		C16F40992094F07B009CE87C /* Sources */ = {
			isa = PBXSourcesBuildPhase;
			buildActionMask = 2147483647;
			files = (
				C16F40BC2094F0A1009CE87C /* RootViewController.swift in Sources */,
				C1D7649421001086000A4B94 /* ReaderDiscoveryViewController.swift in Sources */,
				025BEC1A2A8EC94400955C73 /* LabelOverlayView.swift in Sources */,
				390B937B2BED7C1800557850 /* CollectDataViewController.swift in Sources */,
				025BEC162A8EC86400955C73 /* OfflinePaymentsLogViewController.swift in Sources */,
				ECF98A142E0F0DAA003807FA /* StartPrintContentViewController.swift in Sources */,
				C1DE30D721438E9900A3026F /* UIViewController+UIAlertController.swift in Sources */,
				C1B4BCA421423D8600E2ECE6 /* ReaderHeaderView.swift in Sources */,
				C1DE30D521438E9900A3026F /* LogEventViewController.swift in Sources */,
				AA568CD12A9D413900B9605C /* StartSetupIntentViewController.swift in Sources */,
				C1F78BDB2144F0830094BE37 /* CustomViews.swift in Sources */,
				A63E8457260D23C9006CB90C /* StripeCountries.swift in Sources */,
				C1B4BCAA2142596400E2ECE6 /* PaymentViewController.swift in Sources */,
				24B7B00E23F1D40100F58FCA /* StartRefundViewController.swift in Sources */,
				C1B4BCA82142515D00E2ECE6 /* StartPaymentViewController.swift in Sources */,
				A63E8435260D0A0D006CB90C /* SelectLocationViewController.swift in Sources */,
				241B90F9249027DE0083C908 /* ReaderRegistrationViewController.swift in Sources */,
				025BEC122A8EC7BA00955C73 /* UserDefaultsBacked.swift in Sources */,
				022B5728250BB8CF00595E19 /* Value1MultilineCell.swift in Sources */,
				B3C24C6C23285BF6003271BD /* ifaddrs.swift in Sources */,
				028DC8572A9D28B40069E4BE /* Color.swift in Sources */,
				395970602A8D85830015F0F3 /* LocationStub.swift in Sources */,
				1F65BFFF2AF44F4000043452 /* CollectInputsViewController.swift in Sources */,
				C152F77C214A18C00078BD07 /* StripeCurrencies.swift in Sources */,
				2446E3EF25AF499B00FB4510 /* SetupIntentViewController.swift in Sources */,
				C16F40A12094F07B009CE87C /* AppDelegate.swift in Sources */,
				C151C7A621605B6200FC206F /* UpdateReaderViewController.swift in Sources */,
				248EAA0724427FD500DDB433 /* RefundViewController.swift in Sources */,
				02370F5D244C94D00056D896 /* CancelableViewController.swift in Sources */,
				C1DE30D821438E9900A3026F /* UIView+Layout.swift in Sources */,
				390B93752BED7B9100557850 /* StartCollectDataViewController.swift in Sources */,
				199A008D245A2D7000E89BE9 /* TableViewController+StripeTerminal.swift in Sources */,
				390B93772BED7BCC00557850 /* StartCollectInputsViewController.swift in Sources */,
				50225C5E2B508DFB00757FC6 /* Error+StripeTerminal.swift in Sources */,
				50225C402B4DACB300757FC6 /* StartReaderSettingsViewController.swift in Sources */,
				C1D3A024214208800095A07B /* ReaderViewController.swift in Sources */,
				A63E8431260D073B006CB90C /* CreateLocationViewController.swift in Sources */,
				25CB2CF724941F8D0018535C /* StartSetReaderDisplayViewController.swift in Sources */,
				025BEC152A8EC86400955C73 /* OfflinePaymentsLogDetailViewController.swift in Sources */,
				24FAAAFF2345067A00D47D40 /* ReaderConfiguration.swift in Sources */,
				6F8BE0922177B403009511E5 /* DiscoveryMethodViewController.swift in Sources */,
				259FDFDF2485AF0F0097686C /* EventDisplayingViewController.swift in Sources */,
				ECF98A162E0F0DF7003807FA /* PrintContentViewController.swift in Sources */,
				02DA8E3A24532E4900235921 /* DelegateAnnouncer.swift in Sources */,
				C16651B721963C51006EFACF /* APIClient.swift in Sources */,
				025BEC182A8EC8CA00955C73 /* OfflineUIHandler.swift in Sources */,
				3936853E28860BDE0026A906 /* CaptureMethod+String.swift in Sources */,
				2E4563E87B89E64B8BD7C592 /* DataRequest+StripeJSON.swift in Sources */,
				02EE99D72CC2B5450016B51D /* UIViewController+Presentation.swift in Sources */,
			);
			runOnlyForDeploymentPostprocessing = 0;
		};
/* End PBXSourcesBuildPhase section */

/* Begin PBXVariantGroup section */
		C16F40A42094F07B009CE87C /* Main.storyboard */ = {
			isa = PBXVariantGroup;
			children = (
				C16F40A52094F07B009CE87C /* Base */,
			);
			name = Main.storyboard;
			sourceTree = "<group>";
		};
		C16F40A92094F07C009CE87C /* LaunchScreen.storyboard */ = {
			isa = PBXVariantGroup;
			children = (
				C16F40AA2094F07C009CE87C /* Base */,
			);
			name = LaunchScreen.storyboard;
			sourceTree = "<group>";
		};
/* End PBXVariantGroup section */

/* Begin XCBuildConfiguration section */
		C16F40AD2094F07C009CE87C /* Debug */ = {
			isa = XCBuildConfiguration;
			buildSettings = {
				ALWAYS_SEARCH_USER_PATHS = NO;
				CLANG_ANALYZER_NONNULL = YES;
				CLANG_ANALYZER_NUMBER_OBJECT_CONVERSION = YES_AGGRESSIVE;
				CLANG_CXX_LANGUAGE_STANDARD = "gnu++14";
				CLANG_CXX_LIBRARY = "libc++";
				CLANG_ENABLE_MODULES = YES;
				CLANG_ENABLE_OBJC_ARC = YES;
				CLANG_ENABLE_OBJC_WEAK = YES;
				CLANG_WARN_BLOCK_CAPTURE_AUTORELEASING = YES;
				CLANG_WARN_BOOL_CONVERSION = YES;
				CLANG_WARN_COMMA = YES;
				CLANG_WARN_CONSTANT_CONVERSION = YES;
				CLANG_WARN_DEPRECATED_OBJC_IMPLEMENTATIONS = YES;
				CLANG_WARN_DIRECT_OBJC_ISA_USAGE = YES_ERROR;
				CLANG_WARN_DOCUMENTATION_COMMENTS = YES;
				CLANG_WARN_EMPTY_BODY = YES;
				CLANG_WARN_ENUM_CONVERSION = YES;
				CLANG_WARN_INFINITE_RECURSION = YES;
				CLANG_WARN_INT_CONVERSION = YES;
				CLANG_WARN_NON_LITERAL_NULL_CONVERSION = YES;
				CLANG_WARN_OBJC_IMPLICIT_RETAIN_SELF = YES;
				CLANG_WARN_OBJC_LITERAL_CONVERSION = YES;
				CLANG_WARN_OBJC_ROOT_CLASS = YES_ERROR;
				CLANG_WARN_QUOTED_INCLUDE_IN_FRAMEWORK_HEADER = YES;
				CLANG_WARN_RANGE_LOOP_ANALYSIS = YES;
				CLANG_WARN_STRICT_PROTOTYPES = YES;
				CLANG_WARN_SUSPICIOUS_MOVE = YES;
				CLANG_WARN_UNGUARDED_AVAILABILITY = YES_AGGRESSIVE;
				CLANG_WARN_UNREACHABLE_CODE = YES;
				CLANG_WARN__DUPLICATE_METHOD_MATCH = YES;
				CODE_SIGN_IDENTITY = "iPhone Developer";
				COPY_PHASE_STRIP = NO;
				DEBUG_INFORMATION_FORMAT = dwarf;
				ENABLE_STRICT_OBJC_MSGSEND = YES;
				ENABLE_TESTABILITY = YES;
				GCC_C_LANGUAGE_STANDARD = gnu11;
				GCC_DYNAMIC_NO_PIC = NO;
				GCC_NO_COMMON_BLOCKS = YES;
				GCC_OPTIMIZATION_LEVEL = 0;
				GCC_PREPROCESSOR_DEFINITIONS = (
					"DEBUG=1",
					"$(inherited)",
				);
				GCC_WARN_64_TO_32_BIT_CONVERSION = YES;
				GCC_WARN_ABOUT_RETURN_TYPE = YES_ERROR;
				GCC_WARN_UNDECLARED_SELECTOR = YES;
				GCC_WARN_UNINITIALIZED_AUTOS = YES_AGGRESSIVE;
				GCC_WARN_UNUSED_FUNCTION = YES;
				GCC_WARN_UNUSED_VARIABLE = YES;
				IPHONEOS_DEPLOYMENT_TARGET = 14.0;
				MTL_ENABLE_DEBUG_INFO = YES;
				ONLY_ACTIVE_ARCH = YES;
				SAMPLE_CODE_DISAMBIGUATOR = "$(DEVELOPMENT_TEAM)";
				SDKROOT = iphoneos;
				SWIFT_ACTIVE_COMPILATION_CONDITIONS = DEBUG;
				SWIFT_OPTIMIZATION_LEVEL = "-Onone";
			};
			name = Debug;
		};
		C16F40AE2094F07C009CE87C /* Release */ = {
			isa = XCBuildConfiguration;
			buildSettings = {
				ALWAYS_SEARCH_USER_PATHS = NO;
				CLANG_ANALYZER_NONNULL = YES;
				CLANG_ANALYZER_NUMBER_OBJECT_CONVERSION = YES_AGGRESSIVE;
				CLANG_CXX_LANGUAGE_STANDARD = "gnu++14";
				CLANG_CXX_LIBRARY = "libc++";
				CLANG_ENABLE_MODULES = YES;
				CLANG_ENABLE_OBJC_ARC = YES;
				CLANG_ENABLE_OBJC_WEAK = YES;
				CLANG_WARN_BLOCK_CAPTURE_AUTORELEASING = YES;
				CLANG_WARN_BOOL_CONVERSION = YES;
				CLANG_WARN_COMMA = YES;
				CLANG_WARN_CONSTANT_CONVERSION = YES;
				CLANG_WARN_DEPRECATED_OBJC_IMPLEMENTATIONS = YES;
				CLANG_WARN_DIRECT_OBJC_ISA_USAGE = YES_ERROR;
				CLANG_WARN_DOCUMENTATION_COMMENTS = YES;
				CLANG_WARN_EMPTY_BODY = YES;
				CLANG_WARN_ENUM_CONVERSION = YES;
				CLANG_WARN_INFINITE_RECURSION = YES;
				CLANG_WARN_INT_CONVERSION = YES;
				CLANG_WARN_NON_LITERAL_NULL_CONVERSION = YES;
				CLANG_WARN_OBJC_IMPLICIT_RETAIN_SELF = YES;
				CLANG_WARN_OBJC_LITERAL_CONVERSION = YES;
				CLANG_WARN_OBJC_ROOT_CLASS = YES_ERROR;
				CLANG_WARN_QUOTED_INCLUDE_IN_FRAMEWORK_HEADER = YES;
				CLANG_WARN_RANGE_LOOP_ANALYSIS = YES;
				CLANG_WARN_STRICT_PROTOTYPES = YES;
				CLANG_WARN_SUSPICIOUS_MOVE = YES;
				CLANG_WARN_UNGUARDED_AVAILABILITY = YES_AGGRESSIVE;
				CLANG_WARN_UNREACHABLE_CODE = YES;
				CLANG_WARN__DUPLICATE_METHOD_MATCH = YES;
				CODE_SIGN_IDENTITY = "iPhone Developer";
				COPY_PHASE_STRIP = NO;
				DEBUG_INFORMATION_FORMAT = "dwarf-with-dsym";
				ENABLE_NS_ASSERTIONS = NO;
				ENABLE_STRICT_OBJC_MSGSEND = YES;
				GCC_C_LANGUAGE_STANDARD = gnu11;
				GCC_NO_COMMON_BLOCKS = YES;
				GCC_WARN_64_TO_32_BIT_CONVERSION = YES;
				GCC_WARN_ABOUT_RETURN_TYPE = YES_ERROR;
				GCC_WARN_UNDECLARED_SELECTOR = YES;
				GCC_WARN_UNINITIALIZED_AUTOS = YES_AGGRESSIVE;
				GCC_WARN_UNUSED_FUNCTION = YES;
				GCC_WARN_UNUSED_VARIABLE = YES;
				IPHONEOS_DEPLOYMENT_TARGET = 14.0;
				MTL_ENABLE_DEBUG_INFO = NO;
				SAMPLE_CODE_DISAMBIGUATOR = "$(DEVELOPMENT_TEAM)";
				SDKROOT = iphoneos;
				SWIFT_COMPILATION_MODE = wholemodule;
				SWIFT_OPTIMIZATION_LEVEL = "-O";
				VALIDATE_PRODUCT = YES;
			};
			name = Release;
		};
		C16F40B02094F07C009CE87C /* Debug */ = {
			isa = XCBuildConfiguration;
			baseConfigurationReference = 163D3D8A6BFB310E278D30CE /* Pods-Example.debug.xcconfig */;
			buildSettings = {
				ASSETCATALOG_COMPILER_APPICON_NAME = AppIcon;
				CODE_SIGN_IDENTITY = "Apple Development";
				CODE_SIGN_STYLE = Automatic;
				DEVELOPMENT_TEAM = "";
				FRAMEWORK_SEARCH_PATHS = (
					"$(inherited)",
					"$(PROJECT_DIR)",
				);
				GCC_PREPROCESSOR_DEFINITIONS = (
					"$(inherited)",
					"COCOAPODS=1",
					"SCP_USB_ENABLED=1",
				);
				GCC_TREAT_WARNINGS_AS_ERRORS = YES;
				INFOPLIST_FILE = Example/Info.plist;
				IPHONEOS_DEPLOYMENT_TARGET = 14.0;
				LD_RUNPATH_SEARCH_PATHS = (
					"$(inherited)",
					"@executable_path/Frameworks",
				);
				PRODUCT_BUNDLE_IDENTIFIER = "com.your-domain.stripe-terminal-example$(SAMPLE_CODE_DISAMBIGUATOR)";
				PRODUCT_NAME = "$(TARGET_NAME)";
				PROVISIONING_PROFILE_SPECIFIER = "";
				SWIFT_OBJC_BRIDGING_HEADER = "Example/Example-Bridging-Header.h";
				SWIFT_VERSION = 5.0;
				TARGETED_DEVICE_FAMILY = "1,2";
			};
			name = Debug;
		};
		C16F40B12094F07C009CE87C /* Release */ = {
			isa = XCBuildConfiguration;
			baseConfigurationReference = B891D666F7952A0B05CBDBB2 /* Pods-Example.release.xcconfig */;
			buildSettings = {
				ASSETCATALOG_COMPILER_APPICON_NAME = AppIcon;
				CODE_SIGN_IDENTITY = "Apple Development";
				CODE_SIGN_STYLE = Automatic;
				DEVELOPMENT_TEAM = "";
				FRAMEWORK_SEARCH_PATHS = (
					"$(inherited)",
					"$(PROJECT_DIR)",
				);
				GCC_PREPROCESSOR_DEFINITIONS = (
					"$(inherited)",
					"COCOAPODS=1",
					"SCP_USB_ENABLED=1",
				);
				GCC_TREAT_WARNINGS_AS_ERRORS = YES;
				INFOPLIST_FILE = Example/Info.plist;
				IPHONEOS_DEPLOYMENT_TARGET = 14.0;
				LD_RUNPATH_SEARCH_PATHS = (
					"$(inherited)",
					"@executable_path/Frameworks",
				);
				PRODUCT_BUNDLE_IDENTIFIER = "com.your-domain.stripe-terminal-example$(SAMPLE_CODE_DISAMBIGUATOR)";
				PRODUCT_NAME = "$(TARGET_NAME)";
				PROVISIONING_PROFILE_SPECIFIER = "";
				SWIFT_OBJC_BRIDGING_HEADER = "Example/Example-Bridging-Header.h";
				SWIFT_VERSION = 5.0;
				TARGETED_DEVICE_FAMILY = "1,2";
			};
			name = Release;
		};
/* End XCBuildConfiguration section */

/* Begin XCConfigurationList section */
		C16F40982094F07B009CE87C /* Build configuration list for PBXProject "Example" */ = {
			isa = XCConfigurationList;
			buildConfigurations = (
				C16F40AD2094F07C009CE87C /* Debug */,
				C16F40AE2094F07C009CE87C /* Release */,
			);
			defaultConfigurationIsVisible = 0;
			defaultConfigurationName = Release;
		};
		C16F40AF2094F07C009CE87C /* Build configuration list for PBXNativeTarget "Example" */ = {
			isa = XCConfigurationList;
			buildConfigurations = (
				C16F40B02094F07C009CE87C /* Debug */,
				C16F40B12094F07C009CE87C /* Release */,
			);
			defaultConfigurationIsVisible = 0;
			defaultConfigurationName = Release;
		};
/* End XCConfigurationList section */

/* Begin XCLocalSwiftPackageReference section */
		4B90283D7DB6361CA175A401 /* XCLocalSwiftPackageReference ".." */ = {
			isa = XCLocalSwiftPackageReference;
			relativePath = ../;
		};
/* End XCLocalSwiftPackageReference section */

/* Begin XCSwiftPackageProductDependency section */
		3C1E90CD21B5FF69D67156C2 /* StripeTerminal */ = {
			isa = XCSwiftPackageProductDependency;
			package = 4B90283D7DB6361CA175A401 /* XCLocalSwiftPackageReference ".." */;
			productName = StripeTerminal;
		};
/* End XCSwiftPackageProductDependency section */
	};
	rootObject = C16F40952094F07B009CE87C /* Project object */;
}
