// !$*UTF8*$!
{
	archiveVersion = 1;
	classes = {
	};
	objectVersion = 48;
	objects = {

/* Begin PBXBuildFile section */
		C139B01A21151A560077FF36 /* Color.swift in Sources */ = {isa = PBXBuildFile; fileRef = C139B01921151A560077FF36 /* Color.swift */; };
		C14C014920D4963E00100A57 /* SettingsViewController.swift in Sources */ = {isa = PBXBuildFile; fileRef = C14C014820D4963E00100A57 /* SettingsViewController.swift */; };
		C16F40A12094F07B009CE87C /* AppDelegate.swift in Sources */ = {isa = PBXBuildFile; fileRef = C16F40A02094F07B009CE87C /* AppDelegate.swift */; };
		C16F40A62094F07B009CE87C /* Main.storyboard in Resources */ = {isa = PBXBuildFile; fileRef = C16F40A42094F07B009CE87C /* Main.storyboard */; };
		C16F40A82094F07C009CE87C /* Assets.xcassets in Resources */ = {isa = PBXBuildFile; fileRef = C16F40A72094F07C009CE87C /* Assets.xcassets */; };
		C16F40AB2094F07C009CE87C /* LaunchScreen.storyboard in Resources */ = {isa = PBXBuildFile; fileRef = C16F40A92094F07C009CE87C /* LaunchScreen.storyboard */; };
		C16F40BA2094F0A1009CE87C /* PaymentIntentViewController.swift in Sources */ = {isa = PBXBuildFile; fileRef = C16F40B32094F0A1009CE87C /* PaymentIntentViewController.swift */; };
		C16F40BB2094F0A1009CE87C /* APIClient.swift in Sources */ = {isa = PBXBuildFile; fileRef = C16F40B42094F0A1009CE87C /* APIClient.swift */; };
		C16F40BC2094F0A1009CE87C /* RootViewController.swift in Sources */ = {isa = PBXBuildFile; fileRef = C16F40B52094F0A1009CE87C /* RootViewController.swift */; };
		C16F40BD2094F0A1009CE87C /* PaymentViewController.swift in Sources */ = {isa = PBXBuildFile; fileRef = C16F40B62094F0A1009CE87C /* PaymentViewController.swift */; };
		C16F40BE2094F0A1009CE87C /* AltViewController.swift in Sources */ = {isa = PBXBuildFile; fileRef = C16F40B72094F0A1009CE87C /* AltViewController.swift */; };
		C16F40BF2094F0A1009CE87C /* ReaderViewController.swift in Sources */ = {isa = PBXBuildFile; fileRef = C16F40B82094F0A1009CE87C /* ReaderViewController.swift */; };
		C16F40C02094F0A1009CE87C /* StripePOS+CustomStringConvertible.swift in Sources */ = {isa = PBXBuildFile; fileRef = C16F40B92094F0A1009CE87C /* StripePOS+CustomStringConvertible.swift */; };
		C16F40CE2094F0AD009CE87C /* UIViewController+TextViewController.swift in Sources */ = {isa = PBXBuildFile; fileRef = C16F40C22094F0AD009CE87C /* UIViewController+TextViewController.swift */; };
		C16F40CF2094F0AD009CE87C /* UIViewController+UIAlertController.swift in Sources */ = {isa = PBXBuildFile; fileRef = C16F40C32094F0AD009CE87C /* UIViewController+UIAlertController.swift */; };
		C16F40D02094F0AD009CE87C /* UIStackView+StripePOS.swift in Sources */ = {isa = PBXBuildFile; fileRef = C16F40C42094F0AD009CE87C /* UIStackView+StripePOS.swift */; };
		C16F40D12094F0AD009CE87C /* StatusView.swift in Sources */ = {isa = PBXBuildFile; fileRef = C16F40C52094F0AD009CE87C /* StatusView.swift */; };
		C16F40D22094F0AD009CE87C /* PasteboardStore.swift in Sources */ = {isa = PBXBuildFile; fileRef = C16F40C62094F0AD009CE87C /* PasteboardStore.swift */; };
		C16F40D32094F0AD009CE87C /* UIViewController+UNNotificationCenter.swift in Sources */ = {isa = PBXBuildFile; fileRef = C16F40C72094F0AD009CE87C /* UIViewController+UNNotificationCenter.swift */; };
		C16F40D42094F0AD009CE87C /* ValueControl.swift in Sources */ = {isa = PBXBuildFile; fileRef = C16F40C82094F0AD009CE87C /* ValueControl.swift */; };
		C16F40D52094F0AD009CE87C /* StackViewController.swift in Sources */ = {isa = PBXBuildFile; fileRef = C16F40C92094F0AD009CE87C /* StackViewController.swift */; };
		C16F40D62094F0AD009CE87C /* TextViewController.swift in Sources */ = {isa = PBXBuildFile; fileRef = C16F40CA2094F0AD009CE87C /* TextViewController.swift */; };
		C16F40D72094F0AD009CE87C /* UIViewController+UIActivityViewController.swift in Sources */ = {isa = PBXBuildFile; fileRef = C16F40CB2094F0AD009CE87C /* UIViewController+UIActivityViewController.swift */; };
		C16F40D82094F0AD009CE87C /* UITabBarItem+StripePOS.swift in Sources */ = {isa = PBXBuildFile; fileRef = C16F40CC2094F0AD009CE87C /* UITabBarItem+StripePOS.swift */; };
		C16F40D92094F0AD009CE87C /* ColoredButton.swift in Sources */ = {isa = PBXBuildFile; fileRef = C16F40CD2094F0AD009CE87C /* ColoredButton.swift */; };
		C16F40E72094F208009CE87C /* Alamofire.framework in Frameworks */ = {isa = PBXBuildFile; fileRef = C16F40E52094F208009CE87C /* Alamofire.framework */; };
		C16F40E82094F208009CE87C /* Alamofire.framework in Embed Frameworks */ = {isa = PBXBuildFile; fileRef = C16F40E52094F208009CE87C /* Alamofire.framework */; settings = {ATTRIBUTES = (CodeSignOnCopy, RemoveHeadersOnCopy, ); }; };
		C16F40E92094F208009CE87C /* Stripe.framework in Frameworks */ = {isa = PBXBuildFile; fileRef = C16F40E62094F208009CE87C /* Stripe.framework */; };
		C16F40EA2094F208009CE87C /* Stripe.framework in Embed Frameworks */ = {isa = PBXBuildFile; fileRef = C16F40E62094F208009CE87C /* Stripe.framework */; settings = {ATTRIBUTES = (CodeSignOnCopy, RemoveHeadersOnCopy, ); }; };
		C18ECE4A20DF6C6500854447 /* FakeBackend.swift in Sources */ = {isa = PBXBuildFile; fileRef = C18ECE4920DF6C6500854447 /* FakeBackend.swift */; };
		C1C44ECA20ADD85300DECE4B /* StripePOS.framework in Frameworks */ = {isa = PBXBuildFile; fileRef = C1C44EC920ADD85300DECE4B /* StripePOS.framework */; };
		C1C44ECB20ADD85300DECE4B /* StripePOS.framework in Embed Frameworks */ = {isa = PBXBuildFile; fileRef = C1C44EC920ADD85300DECE4B /* StripePOS.framework */; settings = {ATTRIBUTES = (CodeSignOnCopy, RemoveHeadersOnCopy, ); }; };
		C1D7648420FFAFC3000A4B94 /* UpdatingResultsViewController.swift in Sources */ = {isa = PBXBuildFile; fileRef = C1D7648320FFAFC3000A4B94 /* UpdatingResultsViewController.swift */; };
		C1D7649421001086000A4B94 /* ReaderDiscoveryViewController.swift in Sources */ = {isa = PBXBuildFile; fileRef = C1D7649321001086000A4B94 /* ReaderDiscoveryViewController.swift */; };
		C1F7751520D474CA00E0E14E /* MeterView.swift in Sources */ = {isa = PBXBuildFile; fileRef = C1F7751420D474CA00E0E14E /* MeterView.swift */; };
/* End PBXBuildFile section */

/* Begin PBXCopyFilesBuildPhase section */
		C16F40E42094F170009CE87C /* Embed Frameworks */ = {
			isa = PBXCopyFilesBuildPhase;
			buildActionMask = 2147483647;
			dstPath = "";
			dstSubfolderSpec = 10;
			files = (
				C16F40E82094F208009CE87C /* Alamofire.framework in Embed Frameworks */,
				C16F40EA2094F208009CE87C /* Stripe.framework in Embed Frameworks */,
				C1C44ECB20ADD85300DECE4B /* StripePOS.framework in Embed Frameworks */,
			);
			name = "Embed Frameworks";
			runOnlyForDeploymentPostprocessing = 0;
		};
/* End PBXCopyFilesBuildPhase section */

/* Begin PBXFileReference section */
		C139B01921151A560077FF36 /* Color.swift */ = {isa = PBXFileReference; lastKnownFileType = sourcecode.swift; path = Color.swift; sourceTree = "<group>"; };
		C14C014820D4963E00100A57 /* SettingsViewController.swift */ = {isa = PBXFileReference; fileEncoding = 4; lastKnownFileType = sourcecode.swift; path = SettingsViewController.swift; sourceTree = "<group>"; };
		C16F409D2094F07B009CE87C /* Example.app */ = {isa = PBXFileReference; explicitFileType = wrapper.application; includeInIndex = 0; path = Example.app; sourceTree = BUILT_PRODUCTS_DIR; };
		C16F40A02094F07B009CE87C /* AppDelegate.swift */ = {isa = PBXFileReference; lastKnownFileType = sourcecode.swift; path = AppDelegate.swift; sourceTree = "<group>"; };
		C16F40A52094F07B009CE87C /* Base */ = {isa = PBXFileReference; lastKnownFileType = file.storyboard; name = Base; path = Base.lproj/Main.storyboard; sourceTree = "<group>"; };
		C16F40A72094F07C009CE87C /* Assets.xcassets */ = {isa = PBXFileReference; lastKnownFileType = folder.assetcatalog; path = Assets.xcassets; sourceTree = "<group>"; };
		C16F40AA2094F07C009CE87C /* Base */ = {isa = PBXFileReference; lastKnownFileType = file.storyboard; name = Base; path = Base.lproj/LaunchScreen.storyboard; sourceTree = "<group>"; };
		C16F40AC2094F07C009CE87C /* Info.plist */ = {isa = PBXFileReference; lastKnownFileType = text.plist.xml; path = Info.plist; sourceTree = "<group>"; };
		C16F40B32094F0A1009CE87C /* PaymentIntentViewController.swift */ = {isa = PBXFileReference; fileEncoding = 4; lastKnownFileType = sourcecode.swift; path = PaymentIntentViewController.swift; sourceTree = "<group>"; };
		C16F40B42094F0A1009CE87C /* APIClient.swift */ = {isa = PBXFileReference; fileEncoding = 4; lastKnownFileType = sourcecode.swift; path = APIClient.swift; sourceTree = "<group>"; };
		C16F40B52094F0A1009CE87C /* RootViewController.swift */ = {isa = PBXFileReference; fileEncoding = 4; lastKnownFileType = sourcecode.swift; path = RootViewController.swift; sourceTree = "<group>"; };
		C16F40B62094F0A1009CE87C /* PaymentViewController.swift */ = {isa = PBXFileReference; fileEncoding = 4; lastKnownFileType = sourcecode.swift; path = PaymentViewController.swift; sourceTree = "<group>"; };
		C16F40B72094F0A1009CE87C /* AltViewController.swift */ = {isa = PBXFileReference; fileEncoding = 4; lastKnownFileType = sourcecode.swift; path = AltViewController.swift; sourceTree = "<group>"; };
		C16F40B82094F0A1009CE87C /* ReaderViewController.swift */ = {isa = PBXFileReference; fileEncoding = 4; lastKnownFileType = sourcecode.swift; path = ReaderViewController.swift; sourceTree = "<group>"; };
		C16F40B92094F0A1009CE87C /* StripePOS+CustomStringConvertible.swift */ = {isa = PBXFileReference; fileEncoding = 4; lastKnownFileType = sourcecode.swift; path = "StripePOS+CustomStringConvertible.swift"; sourceTree = "<group>"; };
		C16F40C22094F0AD009CE87C /* UIViewController+TextViewController.swift */ = {isa = PBXFileReference; fileEncoding = 4; lastKnownFileType = sourcecode.swift; path = "UIViewController+TextViewController.swift"; sourceTree = "<group>"; };
		C16F40C32094F0AD009CE87C /* UIViewController+UIAlertController.swift */ = {isa = PBXFileReference; fileEncoding = 4; lastKnownFileType = sourcecode.swift; path = "UIViewController+UIAlertController.swift"; sourceTree = "<group>"; };
		C16F40C42094F0AD009CE87C /* UIStackView+StripePOS.swift */ = {isa = PBXFileReference; fileEncoding = 4; lastKnownFileType = sourcecode.swift; path = "UIStackView+StripePOS.swift"; sourceTree = "<group>"; };
		C16F40C52094F0AD009CE87C /* StatusView.swift */ = {isa = PBXFileReference; fileEncoding = 4; lastKnownFileType = sourcecode.swift; path = StatusView.swift; sourceTree = "<group>"; };
		C16F40C62094F0AD009CE87C /* PasteboardStore.swift */ = {isa = PBXFileReference; fileEncoding = 4; lastKnownFileType = sourcecode.swift; path = PasteboardStore.swift; sourceTree = "<group>"; };
		C16F40C72094F0AD009CE87C /* UIViewController+UNNotificationCenter.swift */ = {isa = PBXFileReference; fileEncoding = 4; lastKnownFileType = sourcecode.swift; path = "UIViewController+UNNotificationCenter.swift"; sourceTree = "<group>"; };
		C16F40C82094F0AD009CE87C /* ValueControl.swift */ = {isa = PBXFileReference; fileEncoding = 4; lastKnownFileType = sourcecode.swift; path = ValueControl.swift; sourceTree = "<group>"; };
		C16F40C92094F0AD009CE87C /* StackViewController.swift */ = {isa = PBXFileReference; fileEncoding = 4; lastKnownFileType = sourcecode.swift; path = StackViewController.swift; sourceTree = "<group>"; };
		C16F40CA2094F0AD009CE87C /* TextViewController.swift */ = {isa = PBXFileReference; fileEncoding = 4; lastKnownFileType = sourcecode.swift; path = TextViewController.swift; sourceTree = "<group>"; };
		C16F40CB2094F0AD009CE87C /* UIViewController+UIActivityViewController.swift */ = {isa = PBXFileReference; fileEncoding = 4; lastKnownFileType = sourcecode.swift; path = "UIViewController+UIActivityViewController.swift"; sourceTree = "<group>"; };
		C16F40CC2094F0AD009CE87C /* UITabBarItem+StripePOS.swift */ = {isa = PBXFileReference; fileEncoding = 4; lastKnownFileType = sourcecode.swift; path = "UITabBarItem+StripePOS.swift"; sourceTree = "<group>"; };
		C16F40CD2094F0AD009CE87C /* ColoredButton.swift */ = {isa = PBXFileReference; fileEncoding = 4; lastKnownFileType = sourcecode.swift; path = ColoredButton.swift; sourceTree = "<group>"; };
		C16F40E52094F208009CE87C /* Alamofire.framework */ = {isa = PBXFileReference; lastKnownFileType = wrapper.framework; name = Alamofire.framework; path = Carthage/Build/iOS/Alamofire.framework; sourceTree = "<group>"; };
		C16F40E62094F208009CE87C /* Stripe.framework */ = {isa = PBXFileReference; lastKnownFileType = wrapper.framework; name = Stripe.framework; path = Carthage/Build/iOS/Stripe.framework; sourceTree = "<group>"; };
		C18ECE4920DF6C6500854447 /* FakeBackend.swift */ = {isa = PBXFileReference; fileEncoding = 4; lastKnownFileType = sourcecode.swift; path = FakeBackend.swift; sourceTree = "<group>"; };
		C1C44EC920ADD85300DECE4B /* StripePOS.framework */ = {isa = PBXFileReference; explicitFileType = wrapper.framework; path = StripePOS.framework; sourceTree = SOURCE_ROOT; };
		C1D7648320FFAFC3000A4B94 /* UpdatingResultsViewController.swift */ = {isa = PBXFileReference; lastKnownFileType = sourcecode.swift; path = UpdatingResultsViewController.swift; sourceTree = "<group>"; };
		C1D7649321001086000A4B94 /* ReaderDiscoveryViewController.swift */ = {isa = PBXFileReference; fileEncoding = 4; lastKnownFileType = sourcecode.swift; path = ReaderDiscoveryViewController.swift; sourceTree = "<group>"; };
		C1F7751420D474CA00E0E14E /* MeterView.swift */ = {isa = PBXFileReference; lastKnownFileType = sourcecode.swift; path = MeterView.swift; sourceTree = "<group>"; };
/* End PBXFileReference section */

/* Begin PBXFrameworksBuildPhase section */
		C16F409A2094F07B009CE87C /* Frameworks */ = {
			isa = PBXFrameworksBuildPhase;
			buildActionMask = 2147483647;
			files = (
				C16F40E72094F208009CE87C /* Alamofire.framework in Frameworks */,
				C16F40E92094F208009CE87C /* Stripe.framework in Frameworks */,
				C1C44ECA20ADD85300DECE4B /* StripePOS.framework in Frameworks */,
			);
			runOnlyForDeploymentPostprocessing = 0;
		};
/* End PBXFrameworksBuildPhase section */

/* Begin PBXGroup section */
		C16F40942094F07B009CE87C = {
			isa = PBXGroup;
			children = (
				C1C44EC920ADD85300DECE4B /* StripePOS.framework */,
				C16F409F2094F07B009CE87C /* Example */,
				C16F409E2094F07B009CE87C /* Products */,
				C16F40E52094F208009CE87C /* Alamofire.framework */,
				C16F40E62094F208009CE87C /* Stripe.framework */,
			);
			sourceTree = "<group>";
		};
		C16F409E2094F07B009CE87C /* Products */ = {
			isa = PBXGroup;
			children = (
				C16F409D2094F07B009CE87C /* Example.app */,
			);
			name = Products;
			sourceTree = "<group>";
		};
		C16F409F2094F07B009CE87C /* Example */ = {
			isa = PBXGroup;
			children = (
				C16F40B22094F0A1009CE87C /* Example */,
				C16F40C12094F0AD009CE87C /* UI Components */,
				C16F40A02094F07B009CE87C /* AppDelegate.swift */,
				C16F40A42094F07B009CE87C /* Main.storyboard */,
				C16F40A72094F07C009CE87C /* Assets.xcassets */,
				C16F40A92094F07C009CE87C /* LaunchScreen.storyboard */,
				C16F40AC2094F07C009CE87C /* Info.plist */,
			);
			path = Example;
			sourceTree = "<group>";
		};
		C16F40B22094F0A1009CE87C /* Example */ = {
			isa = PBXGroup;
			children = (
				C16F40B52094F0A1009CE87C /* RootViewController.swift */,
				C16F40B42094F0A1009CE87C /* APIClient.swift */,
				C18ECE4920DF6C6500854447 /* FakeBackend.swift */,
				C16F40B82094F0A1009CE87C /* ReaderViewController.swift */,
				C1D7649321001086000A4B94 /* ReaderDiscoveryViewController.swift */,
				C16F40B62094F0A1009CE87C /* PaymentViewController.swift */,
				C16F40B32094F0A1009CE87C /* PaymentIntentViewController.swift */,
				C16F40B72094F0A1009CE87C /* AltViewController.swift */,
				C16F40B92094F0A1009CE87C /* StripePOS+CustomStringConvertible.swift */,
				C14C014820D4963E00100A57 /* SettingsViewController.swift */,
			);
			path = Example;
			sourceTree = "<group>";
		};
		C16F40C12094F0AD009CE87C /* UI Components */ = {
			isa = PBXGroup;
			children = (
				C16F40C22094F0AD009CE87C /* UIViewController+TextViewController.swift */,
				C16F40C32094F0AD009CE87C /* UIViewController+UIAlertController.swift */,
				C16F40C42094F0AD009CE87C /* UIStackView+StripePOS.swift */,
				C1D7648320FFAFC3000A4B94 /* UpdatingResultsViewController.swift */,
				C16F40C52094F0AD009CE87C /* StatusView.swift */,
				C1F7751420D474CA00E0E14E /* MeterView.swift */,
				C16F40C62094F0AD009CE87C /* PasteboardStore.swift */,
				C16F40C72094F0AD009CE87C /* UIViewController+UNNotificationCenter.swift */,
				C16F40C82094F0AD009CE87C /* ValueControl.swift */,
				C16F40C92094F0AD009CE87C /* StackViewController.swift */,
				C16F40CA2094F0AD009CE87C /* TextViewController.swift */,
				C16F40CB2094F0AD009CE87C /* UIViewController+UIActivityViewController.swift */,
				C16F40CC2094F0AD009CE87C /* UITabBarItem+StripePOS.swift */,
				C16F40CD2094F0AD009CE87C /* ColoredButton.swift */,
				C139B01921151A560077FF36 /* Color.swift */,
			);
			name = "UI Components";
			path = "Example/UI Components";
			sourceTree = SOURCE_ROOT;
		};
/* End PBXGroup section */

/* Begin PBXNativeTarget section */
		C16F409C2094F07B009CE87C /* Example */ = {
			isa = PBXNativeTarget;
			buildConfigurationList = C16F40AF2094F07C009CE87C /* Build configuration list for PBXNativeTarget "Example" */;
			buildPhases = (
				C16F40992094F07B009CE87C /* Sources */,
				C16F409A2094F07B009CE87C /* Frameworks */,
				C16F409B2094F07B009CE87C /* Resources */,
				C16F40E42094F170009CE87C /* Embed Frameworks */,
			);
			buildRules = (
			);
			dependencies = (
			);
			name = Example;
			productName = Example;
			productReference = C16F409D2094F07B009CE87C /* Example.app */;
			productType = "com.apple.product-type.application";
		};
/* End PBXNativeTarget section */

/* Begin PBXProject section */
		C16F40952094F07B009CE87C /* Project object */ = {
			isa = PBXProject;
			attributes = {
				LastSwiftUpdateCheck = 0930;
				LastUpgradeCheck = 0930;
				ORGANIZATIONNAME = Stripe;
				TargetAttributes = {
					C16F409C2094F07B009CE87C = {
						CreatedOnToolsVersion = 9.3;
						ProvisioningStyle = Automatic;
					};
				};
			};
			buildConfigurationList = C16F40982094F07B009CE87C /* Build configuration list for PBXProject "Example" */;
			compatibilityVersion = "Xcode 8.0";
			developmentRegion = en;
			hasScannedForEncodings = 0;
			knownRegions = (
				en,
				Base,
			);
			mainGroup = C16F40942094F07B009CE87C;
			productRefGroup = C16F409E2094F07B009CE87C /* Products */;
			projectDirPath = "";
			projectRoot = "";
			targets = (
				C16F409C2094F07B009CE87C /* Example */,
			);
		};
/* End PBXProject section */

/* Begin PBXResourcesBuildPhase section */
		C16F409B2094F07B009CE87C /* Resources */ = {
			isa = PBXResourcesBuildPhase;
			buildActionMask = 2147483647;
			files = (
				C16F40AB2094F07C009CE87C /* LaunchScreen.storyboard in Resources */,
				C16F40A82094F07C009CE87C /* Assets.xcassets in Resources */,
				C16F40A62094F07B009CE87C /* Main.storyboard in Resources */,
			);
			runOnlyForDeploymentPostprocessing = 0;
		};
/* End PBXResourcesBuildPhase section */

/* Begin PBXSourcesBuildPhase section */
		C16F40992094F07B009CE87C /* Sources */ = {
			isa = PBXSourcesBuildPhase;
			buildActionMask = 2147483647;
			files = (
				C16F40BC2094F0A1009CE87C /* RootViewController.swift in Sources */,
				C16F40D12094F0AD009CE87C /* StatusView.swift in Sources */,
				C16F40D52094F0AD009CE87C /* StackViewController.swift in Sources */,
				C1D7649421001086000A4B94 /* ReaderDiscoveryViewController.swift in Sources */,
				C1D7648420FFAFC3000A4B94 /* UpdatingResultsViewController.swift in Sources */,
				C16F40D22094F0AD009CE87C /* PasteboardStore.swift in Sources */,
				C16F40BD2094F0A1009CE87C /* PaymentViewController.swift in Sources */,
				C16F40D62094F0AD009CE87C /* TextViewController.swift in Sources */,
				C16F40BF2094F0A1009CE87C /* ReaderViewController.swift in Sources */,
				C16F40C02094F0A1009CE87C /* StripePOS+CustomStringConvertible.swift in Sources */,
				C18ECE4A20DF6C6500854447 /* FakeBackend.swift in Sources */,
				C16F40CE2094F0AD009CE87C /* UIViewController+TextViewController.swift in Sources */,
				C16F40D02094F0AD009CE87C /* UIStackView+StripePOS.swift in Sources */,
				C16F40BE2094F0A1009CE87C /* AltViewController.swift in Sources */,
				C16F40BA2094F0A1009CE87C /* PaymentIntentViewController.swift in Sources */,
				C16F40D42094F0AD009CE87C /* ValueControl.swift in Sources */,
				C14C014920D4963E00100A57 /* SettingsViewController.swift in Sources */,
				C139B01A21151A560077FF36 /* Color.swift in Sources */,
				C16F40A12094F07B009CE87C /* AppDelegate.swift in Sources */,
				C1F7751520D474CA00E0E14E /* MeterView.swift in Sources */,
				C16F40D92094F0AD009CE87C /* ColoredButton.swift in Sources */,
				C16F40CF2094F0AD009CE87C /* UIViewController+UIAlertController.swift in Sources */,
				C16F40D82094F0AD009CE87C /* UITabBarItem+StripePOS.swift in Sources */,
				C16F40BB2094F0A1009CE87C /* APIClient.swift in Sources */,
				C16F40D72094F0AD009CE87C /* UIViewController+UIActivityViewController.swift in Sources */,
				C16F40D32094F0AD009CE87C /* UIViewController+UNNotificationCenter.swift in Sources */,
			);
			runOnlyForDeploymentPostprocessing = 0;
		};
/* End PBXSourcesBuildPhase section */

/* Begin PBXVariantGroup section */
		C16F40A42094F07B009CE87C /* Main.storyboard */ = {
			isa = PBXVariantGroup;
			children = (
				C16F40A52094F07B009CE87C /* Base */,
			);
			name = Main.storyboard;
			sourceTree = "<group>";
		};
		C16F40A92094F07C009CE87C /* LaunchScreen.storyboard */ = {
			isa = PBXVariantGroup;
			children = (
				C16F40AA2094F07C009CE87C /* Base */,
			);
			name = LaunchScreen.storyboard;
			sourceTree = "<group>";
		};
/* End PBXVariantGroup section */

/* Begin XCBuildConfiguration section */
		C16F40AD2094F07C009CE87C /* Debug */ = {
			isa = XCBuildConfiguration;
			buildSettings = {
				ALWAYS_SEARCH_USER_PATHS = NO;
				CLANG_ANALYZER_NONNULL = YES;
				CLANG_ANALYZER_NUMBER_OBJECT_CONVERSION = YES_AGGRESSIVE;
				CLANG_CXX_LANGUAGE_STANDARD = "gnu++14";
				CLANG_CXX_LIBRARY = "libc++";
				CLANG_ENABLE_MODULES = YES;
				CLANG_ENABLE_OBJC_ARC = YES;
				CLANG_ENABLE_OBJC_WEAK = YES;
				CLANG_WARN_BLOCK_CAPTURE_AUTORELEASING = YES;
				CLANG_WARN_BOOL_CONVERSION = YES;
				CLANG_WARN_COMMA = YES;
				CLANG_WARN_CONSTANT_CONVERSION = YES;
				CLANG_WARN_DEPRECATED_OBJC_IMPLEMENTATIONS = YES;
				CLANG_WARN_DIRECT_OBJC_ISA_USAGE = YES_ERROR;
				CLANG_WARN_DOCUMENTATION_COMMENTS = YES;
				CLANG_WARN_EMPTY_BODY = YES;
				CLANG_WARN_ENUM_CONVERSION = YES;
				CLANG_WARN_INFINITE_RECURSION = YES;
				CLANG_WARN_INT_CONVERSION = YES;
				CLANG_WARN_NON_LITERAL_NULL_CONVERSION = YES;
				CLANG_WARN_OBJC_IMPLICIT_RETAIN_SELF = YES;
				CLANG_WARN_OBJC_LITERAL_CONVERSION = YES;
				CLANG_WARN_OBJC_ROOT_CLASS = YES_ERROR;
				CLANG_WARN_RANGE_LOOP_ANALYSIS = YES;
				CLANG_WARN_STRICT_PROTOTYPES = YES;
				CLANG_WARN_SUSPICIOUS_MOVE = YES;
				CLANG_WARN_UNGUARDED_AVAILABILITY = YES_AGGRESSIVE;
				CLANG_WARN_UNREACHABLE_CODE = YES;
				CLANG_WARN__DUPLICATE_METHOD_MATCH = YES;
				CODE_SIGN_IDENTITY = "iPhone Developer";
				COPY_PHASE_STRIP = NO;
				DEBUG_INFORMATION_FORMAT = dwarf;
				ENABLE_STRICT_OBJC_MSGSEND = YES;
				ENABLE_TESTABILITY = YES;
				GCC_C_LANGUAGE_STANDARD = gnu11;
				GCC_DYNAMIC_NO_PIC = NO;
				GCC_NO_COMMON_BLOCKS = YES;
				GCC_OPTIMIZATION_LEVEL = 0;
				GCC_PREPROCESSOR_DEFINITIONS = (
					"DEBUG=1",
					"$(inherited)",
				);
				GCC_WARN_64_TO_32_BIT_CONVERSION = YES;
				GCC_WARN_ABOUT_RETURN_TYPE = YES_ERROR;
				GCC_WARN_UNDECLARED_SELECTOR = YES;
				GCC_WARN_UNINITIALIZED_AUTOS = YES_AGGRESSIVE;
				GCC_WARN_UNUSED_FUNCTION = YES;
				GCC_WARN_UNUSED_VARIABLE = YES;
				IPHONEOS_DEPLOYMENT_TARGET = 11.3;
				MTL_ENABLE_DEBUG_INFO = YES;
				ONLY_ACTIVE_ARCH = YES;
				SDKROOT = iphoneos;
				SWIFT_ACTIVE_COMPILATION_CONDITIONS = DEBUG;
				SWIFT_OPTIMIZATION_LEVEL = "-Onone";
			};
			name = Debug;
		};
		C16F40AE2094F07C009CE87C /* Release */ = {
			isa = XCBuildConfiguration;
			buildSettings = {
				ALWAYS_SEARCH_USER_PATHS = NO;
				CLANG_ANALYZER_NONNULL = YES;
				CLANG_ANALYZER_NUMBER_OBJECT_CONVERSION = YES_AGGRESSIVE;
				CLANG_CXX_LANGUAGE_STANDARD = "gnu++14";
				CLANG_CXX_LIBRARY = "libc++";
				CLANG_ENABLE_MODULES = YES;
				CLANG_ENABLE_OBJC_ARC = YES;
				CLANG_ENABLE_OBJC_WEAK = YES;
				CLANG_WARN_BLOCK_CAPTURE_AUTORELEASING = YES;
				CLANG_WARN_BOOL_CONVERSION = YES;
				CLANG_WARN_COMMA = YES;
				CLANG_WARN_CONSTANT_CONVERSION = YES;
				CLANG_WARN_DEPRECATED_OBJC_IMPLEMENTATIONS = YES;
				CLANG_WARN_DIRECT_OBJC_ISA_USAGE = YES_ERROR;
				CLANG_WARN_DOCUMENTATION_COMMENTS = YES;
				CLANG_WARN_EMPTY_BODY = YES;
				CLANG_WARN_ENUM_CONVERSION = YES;
				CLANG_WARN_INFINITE_RECURSION = YES;
				CLANG_WARN_INT_CONVERSION = YES;
				CLANG_WARN_NON_LITERAL_NULL_CONVERSION = YES;
				CLANG_WARN_OBJC_IMPLICIT_RETAIN_SELF = YES;
				CLANG_WARN_OBJC_LITERAL_CONVERSION = YES;
				CLANG_WARN_OBJC_ROOT_CLASS = YES_ERROR;
				CLANG_WARN_RANGE_LOOP_ANALYSIS = YES;
				CLANG_WARN_STRICT_PROTOTYPES = YES;
				CLANG_WARN_SUSPICIOUS_MOVE = YES;
				CLANG_WARN_UNGUARDED_AVAILABILITY = YES_AGGRESSIVE;
				CLANG_WARN_UNREACHABLE_CODE = YES;
				CLANG_WARN__DUPLICATE_METHOD_MATCH = YES;
				CODE_SIGN_IDENTITY = "iPhone Developer";
				COPY_PHASE_STRIP = NO;
				DEBUG_INFORMATION_FORMAT = "dwarf-with-dsym";
				ENABLE_NS_ASSERTIONS = NO;
				ENABLE_STRICT_OBJC_MSGSEND = YES;
				GCC_C_LANGUAGE_STANDARD = gnu11;
				GCC_NO_COMMON_BLOCKS = YES;
				GCC_WARN_64_TO_32_BIT_CONVERSION = YES;
				GCC_WARN_ABOUT_RETURN_TYPE = YES_ERROR;
				GCC_WARN_UNDECLARED_SELECTOR = YES;
				GCC_WARN_UNINITIALIZED_AUTOS = YES_AGGRESSIVE;
				GCC_WARN_UNUSED_FUNCTION = YES;
				GCC_WARN_UNUSED_VARIABLE = YES;
				IPHONEOS_DEPLOYMENT_TARGET = 11.3;
				MTL_ENABLE_DEBUG_INFO = NO;
				SDKROOT = iphoneos;
				SWIFT_OPTIMIZATION_LEVEL = "-Owholemodule";
				VALIDATE_PRODUCT = YES;
			};
			name = Release;
		};
		C16F40B02094F07C009CE87C /* Debug */ = {
			isa = XCBuildConfiguration;
			buildSettings = {
				ASSETCATALOG_COMPILER_APPICON_NAME = AppIcon;
				CODE_SIGN_STYLE = Automatic;
				DEVELOPMENT_TEAM = "";
				FRAMEWORK_SEARCH_PATHS = (
					"$(inherited)",
					"$(PROJECT_DIR)/Carthage/Build/iOS",
					"$(PROJECT_DIR)",
				);
				INFOPLIST_FILE = Example/Info.plist;
				IPHONEOS_DEPLOYMENT_TARGET = 10.0;
				LD_RUNPATH_SEARCH_PATHS = "$(inherited) @executable_path/Frameworks";
				PRODUCT_BUNDLE_IDENTIFIER = "com.stripe.pos-example.Example";
				PRODUCT_NAME = "$(TARGET_NAME)";
				SWIFT_VERSION = 4.0;
				TARGETED_DEVICE_FAMILY = "1,2";
			};
			name = Debug;
		};
		C16F40B12094F07C009CE87C /* Release */ = {
			isa = XCBuildConfiguration;
			buildSettings = {
				ASSETCATALOG_COMPILER_APPICON_NAME = AppIcon;
				CODE_SIGN_STYLE = Automatic;
				DEVELOPMENT_TEAM = "";
				FRAMEWORK_SEARCH_PATHS = (
					"$(inherited)",
					"$(PROJECT_DIR)/Carthage/Build/iOS",
					"$(PROJECT_DIR)",
				);
				INFOPLIST_FILE = Example/Info.plist;
				IPHONEOS_DEPLOYMENT_TARGET = 10.0;
				LD_RUNPATH_SEARCH_PATHS = "$(inherited) @executable_path/Frameworks";
				PRODUCT_BUNDLE_IDENTIFIER = "com.stripe.pos-example.Example";
				PRODUCT_NAME = "$(TARGET_NAME)";
				SWIFT_VERSION = 4.0;
				TARGETED_DEVICE_FAMILY = "1,2";
			};
			name = Release;
		};
/* End XCBuildConfiguration section */

/* Begin XCConfigurationList section */
		C16F40982094F07B009CE87C /* Build configuration list for PBXProject "Example" */ = {
			isa = XCConfigurationList;
			buildConfigurations = (
				C16F40AD2094F07C009CE87C /* Debug */,
				C16F40AE2094F07C009CE87C /* Release */,
			);
			defaultConfigurationIsVisible = 0;
			defaultConfigurationName = Release;
		};
		C16F40AF2094F07C009CE87C /* Build configuration list for PBXNativeTarget "Example" */ = {
			isa = XCConfigurationList;
			buildConfigurations = (
				C16F40B02094F07C009CE87C /* Debug */,
				C16F40B12094F07C009CE87C /* Release */,
			);
			defaultConfigurationIsVisible = 0;
			defaultConfigurationName = Release;
		};
/* End XCConfigurationList section */
	};
	rootObject = C16F40952094F07B009CE87C /* Project object */;
}
